
Microsoft Visual Studio Solution File, Format Version 12.00
# Visual Studio Version 17
VisualStudioVersion = 17.11.35303.130
MinimumVisualStudioVersion = 10.0.40219.1
Project("{9A19103F-16F7-4668-BE54-9A1E7A4F7556}") = "WebAPI", "WebAPI\WebAPI.csproj", "{F85D3826-EBD4-4290-8232-9A28DFDBE75A}"
EndProject
Global
	GlobalSection(SolutionConfigurationPlatforms) = preSolution
		Debug|Any CPU = Debug|Any CPU
		Release|Any CPU = Release|Any CPU
	EndGlobalSection
	GlobalSection(ProjectConfigurationPlatforms) = postSolution
		{F85D3826-EBD4-4290-8232-9A28DFDBE75A}.Debug|Any CPU.ActiveCfg = Debug|Any CPU
		{F85D3826-EBD4-4290-8232-9A28DFDBE75A}.Debug|Any CPU.Build.0 = Debug|Any CPU
		{F85D3826-EBD4-4290-8232-9A28DFDBE75A}.Release|Any CPU.ActiveCfg = Release|Any CPU
		{F85D3826-EBD4-4290-8232-9A28DFDBE75A}.Release|Any CPU.Build.0 = Release|Any CPU
	EndGlobalSection
	GlobalSection(SolutionProperties) = preSolution
		HideSolutionNode = FALSE
	EndGlobalSection
	GlobalSection(ExtensibilityGlobals) = postSolution
		SolutionGuid = {AFD8CD42-0B9C-4FC8-9349-387C945B68F9}
	EndGlobalSection
EndGlobal
